// !$*UTF8*$!
{
	archiveVersion = 1;
	classes = {
	};
	objectVersion = 50;
	objects = {

/* Begin PBXBuildFile section */
		7B2050142256471C002F6081 /* AppDelegate.swift in Sources */ = {isa = PBXBuildFile; fileRef = 7B2050132256471C002F6081 /* AppDelegate.swift */; };
		7B2050162256471C002F6081 /* ViewController.swift in Sources */ = {isa = PBXBuildFile; fileRef = 7B2050152256471C002F6081 /* ViewController.swift */; };
		7B2050192256471C002F6081 /* Main.storyboard in Resources */ = {isa = PBXBuildFile; fileRef = 7B2050172256471C002F6081 /* Main.storyboard */; };
		7B20501C2256471C002F6081 /* semanaDosITESM.xcdatamodeld in Sources */ = {isa = PBXBuildFile; fileRef = 7B20501A2256471C002F6081 /* semanaDosITESM.xcdatamodeld */; };
		7B20501E2256471E002F6081 /* Assets.xcassets in Resources */ = {isa = PBXBuildFile; fileRef = 7B20501D2256471E002F6081 /* Assets.xcassets */; };
		7B2050212256471E002F6081 /* LaunchScreen.storyboard in Resources */ = {isa = PBXBuildFile; fileRef = 7B20501F2256471E002F6081 /* LaunchScreen.storyboard */; };
		7B20502922564D4E002F6081 /* secondViewController.swift in Sources */ = {isa = PBXBuildFile; fileRef = 7B20502822564D4E002F6081 /* secondViewController.swift */; };
		7B29890D22565FE900B1BDA5 /* thirdViewController.swift in Sources */ = {isa = PBXBuildFile; fileRef = 7B29890C22565FE900B1BDA5 /* thirdViewController.swift */; };
		7BAEDB852256DDF500ECBA4D /* fourthViewController.swift in Sources */ = {isa = PBXBuildFile; fileRef = 7BAEDB842256DDF500ECBA4D /* fourthViewController.swift */; };
		7BAEDB872256E32C00ECBA4D /* confirmacionViewController.swift in Sources */ = {isa = PBXBuildFile; fileRef = 7BAEDB862256E32C00ECBA4D /* confirmacionViewController.swift */; };
/* End PBXBuildFile section */

/* Begin PBXFileReference section */
		7B2050102256471C002F6081 /* semanaDosITESM.app */ = {isa = PBXFileReference; explicitFileType = wrapper.application; includeInIndex = 0; path = semanaDosITESM.app; sourceTree = BUILT_PRODUCTS_DIR; };
		7B2050132256471C002F6081 /* AppDelegate.swift */ = {isa = PBXFileReference; lastKnownFileType = sourcecode.swift; path = AppDelegate.swift; sourceTree = "<group>"; };
		7B2050152256471C002F6081 /* ViewController.swift */ = {isa = PBXFileReference; lastKnownFileType = sourcecode.swift; path = ViewController.swift; sourceTree = "<group>"; };
		7B2050182256471C002F6081 /* Base */ = {isa = PBXFileReference; lastKnownFileType = file.storyboard; name = Base; path = Base.lproj/Main.storyboard; sourceTree = "<group>"; };
		7B20501B2256471C002F6081 /* semanaDosITESM.xcdatamodel */ = {isa = PBXFileReference; lastKnownFileType = wrapper.xcdatamodel; path = semanaDosITESM.xcdatamodel; sourceTree = "<group>"; };
		7B20501D2256471E002F6081 /* Assets.xcassets */ = {isa = PBXFileReference; lastKnownFileType = folder.assetcatalog; path = Assets.xcassets; sourceTree = "<group>"; };
		7B2050202256471E002F6081 /* Base */ = {isa = PBXFileReference; lastKnownFileType = file.storyboard; name = Base; path = Base.lproj/LaunchScreen.storyboard; sourceTree = "<group>"; };
		7B2050222256471E002F6081 /* Info.plist */ = {isa = PBXFileReference; lastKnownFileType = text.plist.xml; path = Info.plist; sourceTree = "<group>"; };
		7B20502822564D4E002F6081 /* secondViewController.swift */ = {isa = PBXFileReference; lastKnownFileType = sourcecode.swift; path = secondViewController.swift; sourceTree = "<group>"; };
		7B29890C22565FE900B1BDA5 /* thirdViewController.swift */ = {isa = PBXFileReference; lastKnownFileType = sourcecode.swift; path = thirdViewController.swift; sourceTree = "<group>"; };
		7BAEDB842256DDF500ECBA4D /* fourthViewController.swift */ = {isa = PBXFileReference; lastKnownFileType = sourcecode.swift; path = fourthViewController.swift; sourceTree = "<group>"; };
		7BAEDB862256E32C00ECBA4D /* confirmacionViewController.swift */ = {isa = PBXFileReference; lastKnownFileType = sourcecode.swift; path = confirmacionViewController.swift; sourceTree = "<group>"; };
/* End PBXFileReference section */

/* Begin PBXFrameworksBuildPhase section */
		7B20500D2256471C002F6081 /* Frameworks */ = {
			isa = PBXFrameworksBuildPhase;
			buildActionMask = 2147483647;
			files = (
			);
			runOnlyForDeploymentPostprocessing = 0;
		};
/* End PBXFrameworksBuildPhase section */

/* Begin PBXGroup section */
		7B2050072256471C002F6081 = {
			isa = PBXGroup;
			children = (
				7B2050122256471C002F6081 /* semanaDosITESM */,
				7B2050112256471C002F6081 /* Products */,
			);
			sourceTree = "<group>";
		};
		7B2050112256471C002F6081 /* Products */ = {
			isa = PBXGroup;
			children = (
				7B2050102256471C002F6081 /* semanaDosITESM.app */,
			);
			name = Products;
			sourceTree = "<group>";
		};
		7B2050122256471C002F6081 /* semanaDosITESM */ = {
			isa = PBXGroup;
			children = (
				7B2050132256471C002F6081 /* AppDelegate.swift */,
				7B20501D2256471E002F6081 /* Assets.xcassets */,
				7B20501F2256471E002F6081 /* LaunchScreen.storyboard */,
				7B2050222256471E002F6081 /* Info.plist */,
				7B20501A2256471C002F6081 /* semanaDosITESM.xcdatamodeld */,
				7B2050172256471C002F6081 /* Main.storyboard */,
				7B20502822564D4E002F6081 /* secondViewController.swift */,
				7B2050152256471C002F6081 /* ViewController.swift */,
				7B29890C22565FE900B1BDA5 /* thirdViewController.swift */,
				7BAEDB842256DDF500ECBA4D /* fourthViewController.swift */,
				7BAEDB862256E32C00ECBA4D /* confirmacionViewController.swift */,
			);
			path = semanaDosITESM;
			sourceTree = "<group>";
		};
/* End PBXGroup section */

/* Begin PBXNativeTarget section */
		7B20500F2256471C002F6081 /* semanaDosITESM */ = {
			isa = PBXNativeTarget;
			buildConfigurationList = 7B2050252256471E002F6081 /* Build configuration list for PBXNativeTarget "semanaDosITESM" */;
			buildPhases = (
				7B20500C2256471C002F6081 /* Sources */,
				7B20500D2256471C002F6081 /* Frameworks */,
				7B20500E2256471C002F6081 /* Resources */,
			);
			buildRules = (
			);
			dependencies = (
			);
			name = semanaDosITESM;
			productName = semanaDosITESM;
			productReference = 7B2050102256471C002F6081 /* semanaDosITESM.app */;
			productType = "com.apple.product-type.application";
		};
/* End PBXNativeTarget section */

/* Begin PBXProject section */
		7B2050082256471C002F6081 /* Project object */ = {
			isa = PBXProject;
			attributes = {
				LastSwiftUpdateCheck = 1020;
				LastUpgradeCheck = 1020;
				ORGANIZATIONNAME = "Alejandro Lugo";
				TargetAttributes = {
					7B20500F2256471C002F6081 = {
						CreatedOnToolsVersion = 10.2;
					};
				};
			};
			buildConfigurationList = 7B20500B2256471C002F6081 /* Build configuration list for PBXProject "semanaDosITESM" */;
			compatibilityVersion = "Xcode 9.3";
			developmentRegion = en;
			hasScannedForEncodings = 0;
			knownRegions = (
				en,
				Base,
			);
			mainGroup = 7B2050072256471C002F6081;
			productRefGroup = 7B2050112256471C002F6081 /* Products */;
			projectDirPath = "";
			projectRoot = "";
			targets = (
				7B20500F2256471C002F6081 /* semanaDosITESM */,
			);
		};
/* End PBXProject section */

/* Begin PBXResourcesBuildPhase section */
		7B20500E2256471C002F6081 /* Resources */ = {
			isa = PBXResourcesBuildPhase;
			buildActionMask = 2147483647;
			files = (
				7B2050212256471E002F6081 /* LaunchScreen.storyboard in Resources */,
				7B20501E2256471E002F6081 /* Assets.xcassets in Resources */,
				7B2050192256471C002F6081 /* Main.storyboard in Resources */,
			);
			runOnlyForDeploymentPostprocessing = 0;
		};
/* End PBXResourcesBuildPhase section */

/* Begin PBXSourcesBuildPhase section */
		7B20500C2256471C002F6081 /* Sources */ = {
			isa = PBXSourcesBuildPhase;
			buildActionMask = 2147483647;
			files = (
				7B20502922564D4E002F6081 /* secondViewController.swift in Sources */,
				7B20501C2256471C002F6081 /* semanaDosITESM.xcdatamodeld in Sources */,
				7BAEDB872256E32C00ECBA4D /* confirmacionViewController.swift in Sources */,
				7BAEDB852256DDF500ECBA4D /* fourthViewController.swift in Sources */,
				7B29890D22565FE900B1BDA5 /* thirdViewController.swift in Sources */,
				7B2050162256471C002F6081 /* ViewController.swift in Sources */,
				7B2050142256471C002F6081 /* AppDelegate.swift in Sources */,
			);
			runOnlyForDeploymentPostprocessing = 0;
		};
/* End PBXSourcesBuildPhase section */

/* Begin PBXVariantGroup section */
		7B2050172256471C002F6081 /* Main.storyboard */ = {
			isa = PBXVariantGroup;
			children = (
				7B2050182256471C002F6081 /* Base */,
			);
			name = Main.storyboard;
			sourceTree = "<group>";
		};
		7B20501F2256471E002F6081 /* LaunchScreen.storyboard */ = {
			isa = PBXVariantGroup;
			children = (
				7B2050202256471E002F6081 /* Base */,
			);
			name = LaunchScreen.storyboard;
			sourceTree = "<group>";
		};
/* End PBXVariantGroup section */

/* Begin XCBuildConfiguration section */
		7B2050232256471E002F6081 /* Debug */ = {
			isa = XCBuildConfiguration;
			buildSettings = {
				ALWAYS_SEARCH_USER_PATHS = NO;
				CLANG_ANALYZER_NONNULL = YES;
				CLANG_ANALYZER_NUMBER_OBJECT_CONVERSION = YES_AGGRESSIVE;
				CLANG_CXX_LANGUAGE_STANDARD = "gnu++14";
				CLANG_CXX_LIBRARY = "libc++";
				CLANG_ENABLE_MODULES = YES;
				CLANG_ENABLE_OBJC_ARC = YES;
				CLANG_ENABLE_OBJC_WEAK = YES;
				CLANG_WARN_BLOCK_CAPTURE_AUTORELEASING = YES;
				CLANG_WARN_BOOL_CONVERSION = YES;
				CLANG_WARN_COMMA = YES;
				CLANG_WARN_CONSTANT_CONVERSION = YES;
				CLANG_WARN_DEPRECATED_OBJC_IMPLEMENTATIONS = YES;
				CLANG_WARN_DIRECT_OBJC_ISA_USAGE = YES_ERROR;
				CLANG_WARN_DOCUMENTATION_COMMENTS = YES;
				CLANG_WARN_EMPTY_BODY = YES;
				CLANG_WARN_ENUM_CONVERSION = YES;
				CLANG_WARN_INFINITE_RECURSION = YES;
				CLANG_WARN_INT_CONVERSION = YES;
				CLANG_WARN_NON_LITERAL_NULL_CONVERSION = YES;
				CLANG_WARN_OBJC_IMPLICIT_RETAIN_SELF = YES;
				CLANG_WARN_OBJC_LITERAL_CONVERSION = YES;
				CLANG_WARN_OBJC_ROOT_CLASS = YES_ERROR;
				CLANG_WARN_RANGE_LOOP_ANALYSIS = YES;
				CLANG_WARN_STRICT_PROTOTYPES = YES;
				CLANG_WARN_SUSPICIOUS_MOVE = YES;
				CLANG_WARN_UNGUARDED_AVAILABILITY = YES_AGGRESSIVE;
				CLANG_WARN_UNREACHABLE_CODE = YES;
				CLANG_WARN__DUPLICATE_METHOD_MATCH = YES;
				CODE_SIGN_IDENTITY = "iPhone Developer";
				COPY_PHASE_STRIP = NO;
				DEBUG_INFORMATION_FORMAT = dwarf;
				ENABLE_STRICT_OBJC_MSGSEND = YES;
				ENABLE_TESTABILITY = YES;
				GCC_C_LANGUAGE_STANDARD = gnu11;
				GCC_DYNAMIC_NO_PIC = NO;
				GCC_NO_COMMON_BLOCKS = YES;
				GCC_OPTIMIZATION_LEVEL = 0;
				GCC_PREPROCESSOR_DEFINITIONS = (
					"DEBUG=1",
					"$(inherited)",
				);
				GCC_WARN_64_TO_32_BIT_CONVERSION = YES;
				GCC_WARN_ABOUT_RETURN_TYPE = YES_ERROR;
				GCC_WARN_UNDECLARED_SELECTOR = YES;
				GCC_WARN_UNINITIALIZED_AUTOS = YES_AGGRESSIVE;
				GCC_WARN_UNUSED_FUNCTION = YES;
				GCC_WARN_UNUSED_VARIABLE = YES;
				IPHONEOS_DEPLOYMENT_TARGET = 12.2;
				MTL_ENABLE_DEBUG_INFO = INCLUDE_SOURCE;
				MTL_FAST_MATH = YES;
				ONLY_ACTIVE_ARCH = YES;
				SDKROOT = iphoneos;
				SWIFT_ACTIVE_COMPILATION_CONDITIONS = DEBUG;
				SWIFT_OPTIMIZATION_LEVEL = "-Onone";
			};
			name = Debug;
		};
		7B2050242256471E002F6081 /* Release */ = {
			isa = XCBuildConfiguration;
			buildSettings = {
				ALWAYS_SEARCH_USER_PATHS = NO;
				CLANG_ANALYZER_NONNULL = YES;
				CLANG_ANALYZER_NUMBER_OBJECT_CONVERSION = YES_AGGRESSIVE;
				CLANG_CXX_LANGUAGE_STANDARD = "gnu++14";
				CLANG_CXX_LIBRARY = "libc++";
				CLANG_ENABLE_MODULES = YES;
				CLANG_ENABLE_OBJC_ARC = YES;
				CLANG_ENABLE_OBJC_WEAK = YES;
				CLANG_WARN_BLOCK_CAPTURE_AUTORELEASING = YES;
				CLANG_WARN_BOOL_CONVERSION = YES;
				CLANG_WARN_COMMA = YES;
				CLANG_WARN_CONSTANT_CONVERSION = YES;
				CLANG_WARN_DEPRECATED_OBJC_IMPLEMENTATIONS = YES;
				CLANG_WARN_DIRECT_OBJC_ISA_USAGE = YES_ERROR;
				CLANG_WARN_DOCUMENTATION_COMMENTS = YES;
				CLANG_WARN_EMPTY_BODY = YES;
				CLANG_WARN_ENUM_CONVERSION = YES;
				CLANG_WARN_INFINITE_RECURSION = YES;
				CLANG_WARN_INT_CONVERSION = YES;
				CLANG_WARN_NON_LITERAL_NULL_CONVERSION = YES;
				CLANG_WARN_OBJC_IMPLICIT_RETAIN_SELF = YES;
				CLANG_WARN_OBJC_LITERAL_CONVERSION = YES;
				CLANG_WARN_OBJC_ROOT_CLASS = YES_ERROR;
				CLANG_WARN_RANGE_LOOP_ANALYSIS = YES;
				CLANG_WARN_STRICT_PROTOTYPES = YES;
				CLANG_WARN_SUSPICIOUS_MOVE = YES;
				CLANG_WARN_UNGUARDED_AVAILABILITY = YES_AGGRESSIVE;
				CLANG_WARN_UNREACHABLE_CODE = YES;
				CLANG_WARN__DUPLICATE_METHOD_MATCH = YES;
				CODE_SIGN_IDENTITY = "iPhone Developer";
				COPY_PHASE_STRIP = NO;
				DEBUG_INFORMATION_FORMAT = "dwarf-with-dsym";
				ENABLE_NS_ASSERTIONS = NO;
				ENABLE_STRICT_OBJC_MSGSEND = YES;
				GCC_C_LANGUAGE_STANDARD = gnu11;
				GCC_NO_COMMON_BLOCKS = YES;
				GCC_WARN_64_TO_32_BIT_CONVERSION = YES;
				GCC_WARN_ABOUT_RETURN_TYPE = YES_ERROR;
				GCC_WARN_UNDECLARED_SELECTOR = YES;
				GCC_WARN_UNINITIALIZED_AUTOS = YES_AGGRESSIVE;
				GCC_WARN_UNUSED_FUNCTION = YES;
				GCC_WARN_UNUSED_VARIABLE = YES;
				IPHONEOS_DEPLOYMENT_TARGET = 12.2;
				MTL_ENABLE_DEBUG_INFO = NO;
				MTL_FAST_MATH = YES;
				SDKROOT = iphoneos;
				SWIFT_COMPILATION_MODE = wholemodule;
				SWIFT_OPTIMIZATION_LEVEL = "-O";
				VALIDATE_PRODUCT = YES;
			};
			name = Release;
		};
		7B2050262256471E002F6081 /* Debug */ = {
			isa = XCBuildConfiguration;
			buildSettings = {
				ASSETCATALOG_COMPILER_APPICON_NAME = AppIcon;
				CODE_SIGN_STYLE = Automatic;
				DEVELOPMENT_TEAM = 8VZN225469;
				INFOPLIST_FILE = semanaDosITESM/Info.plist;
				LD_RUNPATH_SEARCH_PATHS = (
					"$(inherited)",
					"@executable_path/Frameworks",
				);
				PRODUCT_BUNDLE_IDENTIFIER = com.alejandrolugo.LexSoft.semanaDosITESM;
				PRODUCT_NAME = "$(TARGET_NAME)";
				SWIFT_VERSION = 5.0;
				TARGETED_DEVICE_FAMILY = "1,2";
			};
			name = Debug;
		};
		7B2050272256471E002F6081 /* Release */ = {
			isa = XCBuildConfiguration;
			buildSettings = {
				ASSETCATALOG_COMPILER_APPICON_NAME = AppIcon;
				CODE_SIGN_STYLE = Automatic;
				DEVELOPMENT_TEAM = 8VZN225469;
				INFOPLIST_FILE = semanaDosITESM/Info.plist;
				LD_RUNPATH_SEARCH_PATHS = (
					"$(inherited)",
					"@executable_path/Frameworks",
				);
				PRODUCT_BUNDLE_IDENTIFIER = com.alejandrolugo.LexSoft.semanaDosITESM;
				PRODUCT_NAME = "$(TARGET_NAME)";
				SWIFT_VERSION = 5.0;
				TARGETED_DEVICE_FAMILY = "1,2";
			};
			name = Release;
		};
/* End XCBuildConfiguration section */

/* Begin XCConfigurationList section */
		7B20500B2256471C002F6081 /* Build configuration list for PBXProject "semanaDosITESM" */ = {
			isa = XCConfigurationList;
			buildConfigurations = (
				7B2050232256471E002F6081 /* Debug */,
				7B2050242256471E002F6081 /* Release */,
			);
			defaultConfigurationIsVisible = 0;
			defaultConfigurationName = Release;
		};
		7B2050252256471E002F6081 /* Build configuration list for PBXNativeTarget "semanaDosITESM" */ = {
			isa = XCConfigurationList;
			buildConfigurations = (
				7B2050262256471E002F6081 /* Debug */,
				7B2050272256471E002F6081 /* Release */,
			);
			defaultConfigurationIsVisible = 0;
			defaultConfigurationName = Release;
		};
/* End XCConfigurationList section */

/* Begin XCVersionGroup section */
		7B20501A2256471C002F6081 /* semanaDosITESM.xcdatamodeld */ = {
			isa = XCVersionGroup;
			children = (
				7B20501B2256471C002F6081 /* semanaDosITESM.xcdatamodel */,
			);
			currentVersion = 7B20501B2256471C002F6081 /* semanaDosITESM.xcdatamodel */;
			path = semanaDosITESM.xcdatamodeld;
			sourceTree = "<group>";
			versionGroupType = wrapper.xcdatamodel;
		};
/* End XCVersionGroup section */
	};
	rootObject = 7B2050082256471C002F6081 /* Project object */;
}
